
Microsoft Visual Studio Solution File, Format Version 12.00
# Visual Studio 14
VisualStudioVersion = 14.0.25420.1
MinimumVisualStudioVersion = 10.0.40219.1
Project("{FAE04EC0-301F-11D3-BF4B-00C04F79EFBC}") = "Domain", "Domain\Domain.csproj", "{5F863426-F6DF-47EC-885C-EDD5CB46D676}"
EndProject
Project("{FAE04EC0-301F-11D3-BF4B-00C04F79EFBC}") = "DAL", "DAL\DAL.csproj", "{1FF06BB1-487E-4FE1-B8EA-161FC50FE408}"
	ProjectSection(ProjectDependencies) = postProject
		{5F863426-F6DF-47EC-885C-EDD5CB46D676} = {5F863426-F6DF-47EC-885C-EDD5CB46D676}
	EndProjectSection
EndProject
Project("{FAE04EC0-301F-11D3-BF4B-00C04F79EFBC}") = "WebUI", "WebUI\WebUI.csproj", "{C4B384AD-F733-42CF-BA23-9E9616F0754E}"
	ProjectSection(ProjectDependencies) = postProject
		{1FF06BB1-487E-4FE1-B8EA-161FC50FE408} = {1FF06BB1-487E-4FE1-B8EA-161FC50FE408}
	EndProjectSection
EndProject
Project("{2150E333-8FDC-42A3-9474-1A3956D46DE8}") = ".nuget", ".nuget", "{91558450-ABE1-4EDE-B1D6-05DE09836372}"
	ProjectSection(SolutionItems) = preProject
		.nuget\NuGet.Config = .nuget\NuGet.Config
		.nuget\NuGet.exe = .nuget\NuGet.exe
		.nuget\NuGet.targets = .nuget\NuGet.targets
	EndProjectSection
EndProject
Project("{FAE04EC0-301F-11D3-BF4B-00C04F79EFBC}") = "ApiHost", "ApiHost\ApiHost.csproj", "{9BDD482E-BDAD-439D-A22F-60BB8BAA3BD1}"
EndProject
Project("{FAE04EC0-301F-11D3-BF4B-00C04F79EFBC}") = "CVParser", "CVParser\CVParser.csproj", "{F55CE75C-0108-484C-9539-04F3C8979A62}"
EndProject
Project("{FAE04EC0-301F-11D3-BF4B-00C04F79EFBC}") = "Mailer", "Mailer\Mailer.csproj", "{79EAB172-4029-46FF-A865-ECB2A814942F}"
EndProject
Project("{FAE04EC0-301F-11D3-BF4B-00C04F79EFBC}") = "Exporter", "Exporter\Exporter.csproj", "{5162E3FA-0507-4970-89C7-46D6673DB998}"
EndProject
Global
	GlobalSection(SolutionConfigurationPlatforms) = preSolution
		Debug|Any CPU = Debug|Any CPU
		Release|Any CPU = Release|Any CPU
	EndGlobalSection
	GlobalSection(ProjectConfigurationPlatforms) = postSolution
		{5F863426-F6DF-47EC-885C-EDD5CB46D676}.Debug|Any CPU.ActiveCfg = Debug|Any CPU
		{5F863426-F6DF-47EC-885C-EDD5CB46D676}.Debug|Any CPU.Build.0 = Debug|Any CPU
		{5F863426-F6DF-47EC-885C-EDD5CB46D676}.Release|Any CPU.ActiveCfg = Release|Any CPU
		{5F863426-F6DF-47EC-885C-EDD5CB46D676}.Release|Any CPU.Build.0 = Release|Any CPU
		{1FF06BB1-487E-4FE1-B8EA-161FC50FE408}.Debug|Any CPU.ActiveCfg = Debug|Any CPU
		{1FF06BB1-487E-4FE1-B8EA-161FC50FE408}.Debug|Any CPU.Build.0 = Debug|Any CPU
		{1FF06BB1-487E-4FE1-B8EA-161FC50FE408}.Release|Any CPU.ActiveCfg = Release|Any CPU
		{1FF06BB1-487E-4FE1-B8EA-161FC50FE408}.Release|Any CPU.Build.0 = Release|Any CPU
		{C4B384AD-F733-42CF-BA23-9E9616F0754E}.Debug|Any CPU.ActiveCfg = Debug|Any CPU
		{C4B384AD-F733-42CF-BA23-9E9616F0754E}.Debug|Any CPU.Build.0 = Debug|Any CPU
		{C4B384AD-F733-42CF-BA23-9E9616F0754E}.Release|Any CPU.ActiveCfg = Release|Any CPU
		{C4B384AD-F733-42CF-BA23-9E9616F0754E}.Release|Any CPU.Build.0 = Release|Any CPU
		{9BDD482E-BDAD-439D-A22F-60BB8BAA3BD1}.Debug|Any CPU.ActiveCfg = Debug|Any CPU
		{9BDD482E-BDAD-439D-A22F-60BB8BAA3BD1}.Debug|Any CPU.Build.0 = Debug|Any CPU
		{9BDD482E-BDAD-439D-A22F-60BB8BAA3BD1}.Release|Any CPU.ActiveCfg = Release|Any CPU
		{9BDD482E-BDAD-439D-A22F-60BB8BAA3BD1}.Release|Any CPU.Build.0 = Release|Any CPU
		{F55CE75C-0108-484C-9539-04F3C8979A62}.Debug|Any CPU.ActiveCfg = Debug|Any CPU
		{F55CE75C-0108-484C-9539-04F3C8979A62}.Debug|Any CPU.Build.0 = Debug|Any CPU
		{F55CE75C-0108-484C-9539-04F3C8979A62}.Release|Any CPU.ActiveCfg = Release|Any CPU
		{F55CE75C-0108-484C-9539-04F3C8979A62}.Release|Any CPU.Build.0 = Release|Any CPU
		{79EAB172-4029-46FF-A865-ECB2A814942F}.Debug|Any CPU.ActiveCfg = Debug|Any CPU
		{79EAB172-4029-46FF-A865-ECB2A814942F}.Debug|Any CPU.Build.0 = Debug|Any CPU
		{79EAB172-4029-46FF-A865-ECB2A814942F}.Release|Any CPU.ActiveCfg = Release|Any CPU
		{79EAB172-4029-46FF-A865-ECB2A814942F}.Release|Any CPU.Build.0 = Release|Any CPU
		{5162E3FA-0507-4970-89C7-46D6673DB998}.Debug|Any CPU.ActiveCfg = Debug|Any CPU
		{5162E3FA-0507-4970-89C7-46D6673DB998}.Debug|Any CPU.Build.0 = Debug|Any CPU
		{5162E3FA-0507-4970-89C7-46D6673DB998}.Release|Any CPU.ActiveCfg = Release|Any CPU
		{5162E3FA-0507-4970-89C7-46D6673DB998}.Release|Any CPU.Build.0 = Release|Any CPU
	EndGlobalSection
	GlobalSection(SolutionProperties) = preSolution
		HideSolutionNode = FALSE
	EndGlobalSection
EndGlobal
